
Microsoft Visual Studio Solution File, Format Version 12.00
# Visual Studio Version 16
VisualStudioVersion = 16.0.31911.196
MinimumVisualStudioVersion = 10.0.40219.1
Project("{FAE04EC0-301F-11D3-BF4B-00C04F79EFBC}") = "TextCalc", "TextCalc\TextCalc.csproj", "{7473EBA9-A590-4EFF-84B4-459C6B1820CA}"
EndProject
Project("{FAE04EC0-301F-11D3-BF4B-00C04F79EFBC}") = "UnitTestProject1", "UnitTestProject1\UnitTestProject1.csproj", "{19D7B8F9-AD10-498D-A9DB-D96A32F18C45}"
EndProject
Project("{FAE04EC0-301F-11D3-BF4B-00C04F79EFBC}") = "TextCalcLib", "TextCalcLib\TextCalcLib.csproj", "{274464AA-1786-4306-A825-441F6B60F8A5}"
EndProject
Global
	GlobalSection(SolutionConfigurationPlatforms) = preSolution
		Debug|Any CPU = Debug|Any CPU
		Release|Any CPU = Release|Any CPU
	EndGlobalSection
	GlobalSection(ProjectConfigurationPlatforms) = postSolution
		{7473EBA9-A590-4EFF-84B4-459C6B1820CA}.Debug|Any CPU.ActiveCfg = Debug|Any CPU
		{7473EBA9-A590-4EFF-84B4-459C6B1820CA}.Debug|Any CPU.Build.0 = Debug|Any CPU
		{7473EBA9-A590-4EFF-84B4-459C6B1820CA}.Release|Any CPU.ActiveCfg = Release|Any CPU
		{7473EBA9-A590-4EFF-84B4-459C6B1820CA}.Release|Any CPU.Build.0 = Release|Any CPU
		{19D7B8F9-AD10-498D-A9DB-D96A32F18C45}.Debug|Any CPU.ActiveCfg = Debug|Any CPU
		{19D7B8F9-AD10-498D-A9DB-D96A32F18C45}.Debug|Any CPU.Build.0 = Debug|Any CPU
		{19D7B8F9-AD10-498D-A9DB-D96A32F18C45}.Release|Any CPU.ActiveCfg = Release|Any CPU
		{19D7B8F9-AD10-498D-A9DB-D96A32F18C45}.Release|Any CPU.Build.0 = Release|Any CPU
		{274464AA-1786-4306-A825-441F6B60F8A5}.Debug|Any CPU.ActiveCfg = Debug|Any CPU
		{274464AA-1786-4306-A825-441F6B60F8A5}.Debug|Any CPU.Build.0 = Debug|Any CPU
		{274464AA-1786-4306-A825-441F6B60F8A5}.Release|Any CPU.ActiveCfg = Release|Any CPU
		{274464AA-1786-4306-A825-441F6B60F8A5}.Release|Any CPU.Build.0 = Release|Any CPU
	EndGlobalSection
	GlobalSection(SolutionProperties) = preSolution
		HideSolutionNode = FALSE
	EndGlobalSection
	GlobalSection(ExtensibilityGlobals) = postSolution
		SolutionGuid = {A4EA0940-9083-499C-AC0E-203EDA786B5A}
	EndGlobalSection
EndGlobal
